
Microsoft Visual Studio Solution File, Format Version 12.00
# Visual Studio Version 16
VisualStudioVersion = 16.0.31729.503
MinimumVisualStudioVersion = 10.0.40219.1
Project("{FAE04EC0-301F-11D3-BF4B-00C04F79EFBC}") = "gomoku", "gomoku.csproj", "{37A93500-C66A-4D51-8FF1-0233D1148B64}"
EndProject
Project("{FAE04EC0-301F-11D3-BF4B-00C04F79EFBC}") = "gomoku-test", "..\gomoku-test\gomoku-test.csproj", "{61D0656D-D132-401B-87A1-6C23994343B9}"
EndProject
Global
	GlobalSection(SolutionConfigurationPlatforms) = preSolution
		Debug|Any CPU = Debug|Any CPU
		Release|Any CPU = Release|Any CPU
	EndGlobalSection
	GlobalSection(ProjectConfigurationPlatforms) = postSolution
		{37A93500-C66A-4D51-8FF1-0233D1148B64}.Debug|Any CPU.ActiveCfg = Debug|Any CPU
		{37A93500-C66A-4D51-8FF1-0233D1148B64}.Debug|Any CPU.Build.0 = Debug|Any CPU
		{37A93500-C66A-4D51-8FF1-0233D1148B64}.Release|Any CPU.ActiveCfg = Release|Any CPU
		{37A93500-C66A-4D51-8FF1-0233D1148B64}.Release|Any CPU.Build.0 = Release|Any CPU
		{61D0656D-D132-401B-87A1-6C23994343B9}.Debug|Any CPU.ActiveCfg = Debug|Any CPU
		{61D0656D-D132-401B-87A1-6C23994343B9}.Debug|Any CPU.Build.0 = Debug|Any CPU
		{61D0656D-D132-401B-87A1-6C23994343B9}.Release|Any CPU.ActiveCfg = Release|Any CPU
		{61D0656D-D132-401B-87A1-6C23994343B9}.Release|Any CPU.Build.0 = Release|Any CPU
	EndGlobalSection
	GlobalSection(SolutionProperties) = preSolution
		HideSolutionNode = FALSE
	EndGlobalSection
	GlobalSection(ExtensibilityGlobals) = postSolution
		SolutionGuid = {1DCCC3E0-6CE4-4534-8108-1BD6057AC803}
	EndGlobalSection
EndGlobal
